
Microsoft Visual Studio Solution File, Format Version 12.00
# Visual Studio Version 17
VisualStudioVersion = 17.4.33213.308
MinimumVisualStudioVersion = 10.0.40219.1
Project("{9A19103F-16F7-4668-BE54-9A1E7A4F7556}") = "GraduationProject", "GraduationProject\GraduationProject.csproj", "{922084A8-EF72-4400-A454-0692F3836996}"
EndProject
Project("{9A19103F-16F7-4668-BE54-9A1E7A4F7556}") = "UnitTestingGraduationProject", "UnitTestingGraduationProject\UnitTestingGraduationProject.csproj", "{BFD88DC0-06AD-46F9-81B6-569D7732680D}"
EndProject
Project("{9A19103F-16F7-4668-BE54-9A1E7A4F7556}") = "FrontendBffProject", "FrontendBffProject\FrontendBffProject.csproj", "{79A1CA34-E034-4D0D-B024-002F7B79CE45}"
EndProject
Project("{9A19103F-16F7-4668-BE54-9A1E7A4F7556}") = "Sipster.IDP", "Sipster.IDP\Sipster.IDP.csproj", "{284D5BE9-E6DF-4757-972E-0D8E9B657034}"
EndProject
Global
	GlobalSection(SolutionConfigurationPlatforms) = preSolution
		Debug|Any CPU = Debug|Any CPU
		Release|Any CPU = Release|Any CPU
	EndGlobalSection
	GlobalSection(ProjectConfigurationPlatforms) = postSolution
		{922084A8-EF72-4400-A454-0692F3836996}.Debug|Any CPU.ActiveCfg = Debug|Any CPU
		{922084A8-EF72-4400-A454-0692F3836996}.Debug|Any CPU.Build.0 = Debug|Any CPU
		{922084A8-EF72-4400-A454-0692F3836996}.Release|Any CPU.ActiveCfg = Release|Any CPU
		{922084A8-EF72-4400-A454-0692F3836996}.Release|Any CPU.Build.0 = Release|Any CPU
		{BFD88DC0-06AD-46F9-81B6-569D7732680D}.Debug|Any CPU.ActiveCfg = Debug|Any CPU
		{BFD88DC0-06AD-46F9-81B6-569D7732680D}.Debug|Any CPU.Build.0 = Debug|Any CPU
		{BFD88DC0-06AD-46F9-81B6-569D7732680D}.Release|Any CPU.ActiveCfg = Release|Any CPU
		{BFD88DC0-06AD-46F9-81B6-569D7732680D}.Release|Any CPU.Build.0 = Release|Any CPU
		{79A1CA34-E034-4D0D-B024-002F7B79CE45}.Debug|Any CPU.ActiveCfg = Debug|Any CPU
		{79A1CA34-E034-4D0D-B024-002F7B79CE45}.Debug|Any CPU.Build.0 = Debug|Any CPU
		{79A1CA34-E034-4D0D-B024-002F7B79CE45}.Release|Any CPU.ActiveCfg = Release|Any CPU
		{79A1CA34-E034-4D0D-B024-002F7B79CE45}.Release|Any CPU.Build.0 = Release|Any CPU
		{284D5BE9-E6DF-4757-972E-0D8E9B657034}.Debug|Any CPU.ActiveCfg = Debug|Any CPU
		{284D5BE9-E6DF-4757-972E-0D8E9B657034}.Debug|Any CPU.Build.0 = Debug|Any CPU
		{284D5BE9-E6DF-4757-972E-0D8E9B657034}.Release|Any CPU.ActiveCfg = Release|Any CPU
		{284D5BE9-E6DF-4757-972E-0D8E9B657034}.Release|Any CPU.Build.0 = Release|Any CPU
	EndGlobalSection
	GlobalSection(SolutionProperties) = preSolution
		HideSolutionNode = FALSE
	EndGlobalSection
	GlobalSection(ExtensibilityGlobals) = postSolution
		SolutionGuid = {166A7F0B-0E24-4544-8E8C-C0946869FC1D}
	EndGlobalSection
EndGlobal
